
Microsoft Visual Studio Solution File, Format Version 12.00
# Visual Studio Version 16
VisualStudioVersion = 16.0.29503.13
MinimumVisualStudioVersion = 10.0.40219.1
Project("{FAE04EC0-301F-11D3-BF4B-00C04F79EFBC}") = "Test", "Test\Test.csproj", "{713CA9D9-CDB9-4C1D-9249-159D2D06E023}"
EndProject
Global
	GlobalSection(SolutionConfigurationPlatforms) = preSolution
		Debug|Any CPU = Debug|Any CPU
		Release|Any CPU = Release|Any CPU
	EndGlobalSection
	GlobalSection(ProjectConfigurationPlatforms) = postSolution
		{713CA9D9-CDB9-4C1D-9249-159D2D06E023}.Debug|Any CPU.ActiveCfg = Debug|Any CPU
		{713CA9D9-CDB9-4C1D-9249-159D2D06E023}.Debug|Any CPU.Build.0 = Debug|Any CPU
		{713CA9D9-CDB9-4C1D-9249-159D2D06E023}.Release|Any CPU.ActiveCfg = Release|Any CPU
		{713CA9D9-CDB9-4C1D-9249-159D2D06E023}.Release|Any CPU.Build.0 = Release|Any CPU
	EndGlobalSection
	GlobalSection(SolutionProperties) = preSolution
		HideSolutionNode = FALSE
	EndGlobalSection
	GlobalSection(ExtensibilityGlobals) = postSolution
		SolutionGuid = {317B47B8-CEE8-45AE-A962-A2F22169A182}
	EndGlobalSection
EndGlobal
